// !$*UTF8*$!
{
	archiveVersion = 1;
	classes = {
	};
	objectVersion = 46;
	objects = {

/* Begin PBXBuildFile section */
		100341241C955FA3005C2D3B /* TopicCell.swift in Sources */ = {isa = PBXBuildFile; fileRef = 100341231C955FA3005C2D3B /* TopicCell.swift */; };
		100341261C957509005C2D3B /* Subscribed.swift in Sources */ = {isa = PBXBuildFile; fileRef = 100341251C957509005C2D3B /* Subscribed.swift */; };
		100341281C95F0BC005C2D3B /* Post.swift in Sources */ = {isa = PBXBuildFile; fileRef = 100341271C95F0BC005C2D3B /* Post.swift */; };
		1039FD601C8B625800360991 /* SignUpViewController.swift in Sources */ = {isa = PBXBuildFile; fileRef = 1039FD5F1C8B625800360991 /* SignUpViewController.swift */; };
		1039FD621C8B626F00360991 /* LoginViewController.swift in Sources */ = {isa = PBXBuildFile; fileRef = 1039FD611C8B626F00360991 /* LoginViewController.swift */; };
		1039FD641C8B6ADD00360991 /* Main.Storyboard in Resources */ = {isa = PBXBuildFile; fileRef = 1039FD631C8B6ADD00360991 /* Main.Storyboard */; };
		1039FD661C8B93A800360991 /* SuccessViewController.swift in Sources */ = {isa = PBXBuildFile; fileRef = 1039FD651C8B93A800360991 /* SuccessViewController.swift */; };
		1039FD681C8C9E2100360991 /* Profile.swift in Sources */ = {isa = PBXBuildFile; fileRef = 1039FD671C8C9E2100360991 /* Profile.swift */; };
		1039FD6A1C8C9E3100360991 /* User.swift in Sources */ = {isa = PBXBuildFile; fileRef = 1039FD691C8C9E3100360991 /* User.swift */; };
		1039FD6C1C8C9E6100360991 /* Network.swift in Sources */ = {isa = PBXBuildFile; fileRef = 1039FD6B1C8C9E6100360991 /* Network.swift */; };
		8A7A6F289034ED9D2D4F895D /* Pods.framework in Frameworks */ = {isa = PBXBuildFile; fileRef = 62852FA7CA4FCC1D8897D92B /* Pods.framework */; };
		CA0ABE4F1C8D177E00F2315D /* NSDate+extension.swift in Sources */ = {isa = PBXBuildFile; fileRef = CA0ABE4E1C8D177E00F2315D /* NSDate+extension.swift */; };
		CA3B6CA91C85512F00D8FF25 /* Timeline.storyboard in Resources */ = {isa = PBXBuildFile; fileRef = CA3B6CA81C85512F00D8FF25 /* Timeline.storyboard */; };
		CA3B6CAB1C85514E00D8FF25 /* Events.storyboard in Resources */ = {isa = PBXBuildFile; fileRef = CA3B6CAA1C85514E00D8FF25 /* Events.storyboard */; };
		CA3B6CAD1C85515F00D8FF25 /* Connect.storyboard in Resources */ = {isa = PBXBuildFile; fileRef = CA3B6CAC1C85515F00D8FF25 /* Connect.storyboard */; };
		CA3B6CAF1C85517200D8FF25 /* Profile.storyboard in Resources */ = {isa = PBXBuildFile; fileRef = CA3B6CAE1C85517200D8FF25 /* Profile.storyboard */; };
		CA3B6CB11C85519400D8FF25 /* Topics.storyboard in Resources */ = {isa = PBXBuildFile; fileRef = CA3B6CB01C85519400D8FF25 /* Topics.storyboard */; };
		CA3B6CB31C85530C00D8FF25 /* TimelineViewController.swift in Sources */ = {isa = PBXBuildFile; fileRef = CA3B6CB21C85530C00D8FF25 /* TimelineViewController.swift */; };
		CA3B6CB51C85532500D8FF25 /* EventsViewController.swift in Sources */ = {isa = PBXBuildFile; fileRef = CA3B6CB41C85532500D8FF25 /* EventsViewController.swift */; };
		CA3B6CB71C85533600D8FF25 /* EventDetailsViewController.swift in Sources */ = {isa = PBXBuildFile; fileRef = CA3B6CB61C85533600D8FF25 /* EventDetailsViewController.swift */; };
		CA3B6CB91C85535900D8FF25 /* ConnectViewController.swift in Sources */ = {isa = PBXBuildFile; fileRef = CA3B6CB81C85535900D8FF25 /* ConnectViewController.swift */; };
		CA3B6CBB1C85536500D8FF25 /* ProfileViewController.swift in Sources */ = {isa = PBXBuildFile; fileRef = CA3B6CBA1C85536500D8FF25 /* ProfileViewController.swift */; };
		CA3B6CBD1C85537800D8FF25 /* TopicsViewController.swift in Sources */ = {isa = PBXBuildFile; fileRef = CA3B6CBC1C85537800D8FF25 /* TopicsViewController.swift */; };
		CA3B6CBF1C85538700D8FF25 /* TopicDetailsViewController.swift in Sources */ = {isa = PBXBuildFile; fileRef = CA3B6CBE1C85538700D8FF25 /* TopicDetailsViewController.swift */; };
		CA41C9C91C9013AD0045ECC9 /* EventsFilterViewController.swift in Sources */ = {isa = PBXBuildFile; fileRef = CA41C9C81C9013AD0045ECC9 /* EventsFilterViewController.swift */; };
		CA6276471C94A21A001C4C50 /* EventCell2.swift in Sources */ = {isa = PBXBuildFile; fileRef = CA6276451C94A21A001C4C50 /* EventCell2.swift */; };
		CA6276481C94A21A001C4C50 /* EventCell2.xib in Resources */ = {isa = PBXBuildFile; fileRef = CA6276461C94A21A001C4C50 /* EventCell2.xib */; };
		CA62764A1C94F73A001C4C50 /* Feature.swift in Sources */ = {isa = PBXBuildFile; fileRef = CA6276491C94F73A001C4C50 /* Feature.swift */; };
		CA62764C1C954339001C4C50 /* EventFilters.swift in Sources */ = {isa = PBXBuildFile; fileRef = CA62764B1C954339001C4C50 /* EventFilters.swift */; };
		CA82E48B1C961B4200675DDA /* EventRefreshControl.xib in Resources */ = {isa = PBXBuildFile; fileRef = CA82E48A1C961B4200675DDA /* EventRefreshControl.xib */; };
		CAC049F51C8B63BA00996932 /* EventCell.xib in Resources */ = {isa = PBXBuildFile; fileRef = CAC049F41C8B63BA00996932 /* EventCell.xib */; };
		CAC049F71C8B6DAD00996932 /* EventCell.swift in Sources */ = {isa = PBXBuildFile; fileRef = CAC049F61C8B6DAD00996932 /* EventCell.swift */; };
		CAC049FD1C8BC50C00996932 /* Event.swift in Sources */ = {isa = PBXBuildFile; fileRef = CAC049FC1C8BC50C00996932 /* Event.swift */; };
		E46EB5521C854C7000E9C41B /* AppDelegate.swift in Sources */ = {isa = PBXBuildFile; fileRef = E46EB5511C854C7000E9C41B /* AppDelegate.swift */; };
		E46EB5541C854C7000E9C41B /* LandingViewController.swift in Sources */ = {isa = PBXBuildFile; fileRef = E46EB5531C854C7000E9C41B /* LandingViewController.swift */; };
		E46EB55A1C854C7000E9C41B /* WomenWhoCode.xcdatamodeld in Sources */ = {isa = PBXBuildFile; fileRef = E46EB5581C854C7000E9C41B /* WomenWhoCode.xcdatamodeld */; };
		E46EB55C1C854C7100E9C41B /* Assets.xcassets in Resources */ = {isa = PBXBuildFile; fileRef = E46EB55B1C854C7100E9C41B /* Assets.xcassets */; };
		E46EB56A1C854C7100E9C41B /* WomenWhoCodeTests.swift in Sources */ = {isa = PBXBuildFile; fileRef = E46EB5691C854C7100E9C41B /* WomenWhoCodeTests.swift */; };
		E46EB5751C854C7100E9C41B /* WomenWhoCodeUITests.swift in Sources */ = {isa = PBXBuildFile; fileRef = E46EB5741C854C7100E9C41B /* WomenWhoCodeUITests.swift */; };
		E4AAB2661C93EDC0000231D5 /* SlackAPIClient.swift in Sources */ = {isa = PBXBuildFile; fileRef = E4AAB2651C93EDC0000231D5 /* SlackAPIClient.swift */; };
		E4CF13E91C94D2A800A271B9 /* LaunchScreen.storyboard in Resources */ = {isa = PBXBuildFile; fileRef = E4CF13E81C94D2A800A271B9 /* LaunchScreen.storyboard */; };
		E4CF13EB1C94E2B900A271B9 /* Chat.storyboard in Resources */ = {isa = PBXBuildFile; fileRef = E4CF13EA1C94E2B900A271B9 /* Chat.storyboard */; };
		E4CF13ED1C94E2E300A271B9 /* ChatViewController.swift in Sources */ = {isa = PBXBuildFile; fileRef = E4CF13EC1C94E2E300A271B9 /* ChatViewController.swift */; };
		E4CF13EF1C94E6F100A271B9 /* Message.swift in Sources */ = {isa = PBXBuildFile; fileRef = E4CF13EE1C94E6F100A271B9 /* Message.swift */; };
		E4CF13F81C94EB2500A271B9 /* MessageCell.swift in Sources */ = {isa = PBXBuildFile; fileRef = E4CF13F61C94EB2500A271B9 /* MessageCell.swift */; };
		E4CF13F91C94EB2500A271B9 /* MessageCell.xib in Resources */ = {isa = PBXBuildFile; fileRef = E4CF13F71C94EB2500A271B9 /* MessageCell.xib */; };
		E4CF13FB1C9506C900A271B9 /* SlackAPI.swift in Sources */ = {isa = PBXBuildFile; fileRef = E4CF13FA1C9506C900A271B9 /* SlackAPI.swift */; };
		E4CF13FE1C9520C800A271B9 /* SlackUser.swift in Sources */ = {isa = PBXBuildFile; fileRef = E4CF13FD1C9520C800A271B9 /* SlackUser.swift */; };
		E4CF14021C954C6100A271B9 /* SlackChannel.swift in Sources */ = {isa = PBXBuildFile; fileRef = E4CF14011C954C6100A271B9 /* SlackChannel.swift */; };
		E4CF14041C95D0B100A271B9 /* RegexParser.swift in Sources */ = {isa = PBXBuildFile; fileRef = E4CF14031C95D0B100A271B9 /* RegexParser.swift */; };
		E4CF14061C95E30F00A271B9 /* MeetupAPI.swift in Sources */ = {isa = PBXBuildFile; fileRef = E4CF14051C95E30F00A271B9 /* MeetupAPI.swift */; };
		E4CF14081C95E32700A271B9 /* MeetupAPIClient.swift in Sources */ = {isa = PBXBuildFile; fileRef = E4CF14071C95E32700A271B9 /* MeetupAPIClient.swift */; };
		E4CF140E1C95E76300A271B9 /* MeetupGroup.swift in Sources */ = {isa = PBXBuildFile; fileRef = E4CF140D1C95E76300A271B9 /* MeetupGroup.swift */; };
		E4CF14101C95E77800A271B9 /* MeetupEvent.swift in Sources */ = {isa = PBXBuildFile; fileRef = E4CF140F1C95E77800A271B9 /* MeetupEvent.swift */; };
		E4CF14121C96039D00A271B9 /* MeetupVenue.swift in Sources */ = {isa = PBXBuildFile; fileRef = E4CF14111C96039D00A271B9 /* MeetupVenue.swift */; };
		E4CF14141C9680B900A271B9 /* MeetupMember.swift in Sources */ = {isa = PBXBuildFile; fileRef = E4CF14131C9680B900A271B9 /* MeetupMember.swift */; };
		E4CF14161C9689D000A271B9 /* MeetupRsvp.swift in Sources */ = {isa = PBXBuildFile; fileRef = E4CF14151C9689D000A271B9 /* MeetupRsvp.swift */; };
		E4F4EFCD1C8CA3F500B480AC /* UserProfileCell.swift in Sources */ = {isa = PBXBuildFile; fileRef = E4F4EFCB1C8CA3F500B480AC /* UserProfileCell.swift */; };
		E4F4EFCE1C8CA3F500B480AC /* UserProfileCell.xib in Resources */ = {isa = PBXBuildFile; fileRef = E4F4EFCC1C8CA3F500B480AC /* UserProfileCell.xib */; };
		E4F4EFD11C8CD98500B480AC /* ParseAPIClient.swift in Sources */ = {isa = PBXBuildFile; fileRef = E4F4EFD01C8CD98500B480AC /* ParseAPIClient.swift */; };
		E4F4EFD31C8CD99F00B480AC /* PersistenceManager.swift in Sources */ = {isa = PBXBuildFile; fileRef = E4F4EFD21C8CD99F00B480AC /* PersistenceManager.swift */; };
		E4F4EFD51C8CEAA800B480AC /* ParseAPI.swift in Sources */ = {isa = PBXBuildFile; fileRef = E4F4EFD41C8CEAA800B480AC /* ParseAPI.swift */; };
		E4F4EFD91C8CF2BD00B480AC /* UserSearchViewController.swift in Sources */ = {isa = PBXBuildFile; fileRef = E4F4EFD81C8CF2BD00B480AC /* UserSearchViewController.swift */; };
		E4F4EFDB1C90F8BF00B480AC /* UIColor+extension.swift in Sources */ = {isa = PBXBuildFile; fileRef = E4F4EFDA1C90F8BF00B480AC /* UIColor+extension.swift */; };
		E4F4EFDD1C90FC5A00B480AC /* Constants.swift in Sources */ = {isa = PBXBuildFile; fileRef = E4F4EFDC1C90FC5A00B480AC /* Constants.swift */; };
		E4F4EFDF1C9107B700B480AC /* EventDetails.storyboard in Resources */ = {isa = PBXBuildFile; fileRef = E4F4EFDE1C9107B700B480AC /* EventDetails.storyboard */; };
/* End PBXBuildFile section */

/* Begin PBXContainerItemProxy section */
		E46EB5661C854C7100E9C41B /* PBXContainerItemProxy */ = {
			isa = PBXContainerItemProxy;
			containerPortal = E46EB5461C854C7000E9C41B /* Project object */;
			proxyType = 1;
			remoteGlobalIDString = E46EB54D1C854C7000E9C41B;
			remoteInfo = WomenWhoCode;
		};
		E46EB5711C854C7100E9C41B /* PBXContainerItemProxy */ = {
			isa = PBXContainerItemProxy;
			containerPortal = E46EB5461C854C7000E9C41B /* Project object */;
			proxyType = 1;
			remoteGlobalIDString = E46EB54D1C854C7000E9C41B;
			remoteInfo = WomenWhoCode;
		};
/* End PBXContainerItemProxy section */

/* Begin PBXFileReference section */
		100341231C955FA3005C2D3B /* TopicCell.swift */ = {isa = PBXFileReference; fileEncoding = 4; lastKnownFileType = sourcecode.swift; path = TopicCell.swift; sourceTree = "<group>"; };
		100341251C957509005C2D3B /* Subscribed.swift */ = {isa = PBXFileReference; fileEncoding = 4; lastKnownFileType = sourcecode.swift; path = Subscribed.swift; sourceTree = "<group>"; };
		100341271C95F0BC005C2D3B /* Post.swift */ = {isa = PBXFileReference; fileEncoding = 4; lastKnownFileType = sourcecode.swift; path = Post.swift; sourceTree = "<group>"; };
		1039FD5F1C8B625800360991 /* SignUpViewController.swift */ = {isa = PBXFileReference; fileEncoding = 4; lastKnownFileType = sourcecode.swift; path = SignUpViewController.swift; sourceTree = "<group>"; };
		1039FD611C8B626F00360991 /* LoginViewController.swift */ = {isa = PBXFileReference; fileEncoding = 4; lastKnownFileType = sourcecode.swift; path = LoginViewController.swift; sourceTree = "<group>"; };
		1039FD631C8B6ADD00360991 /* Main.Storyboard */ = {isa = PBXFileReference; fileEncoding = 4; lastKnownFileType = file.storyboard; path = Main.Storyboard; sourceTree = "<group>"; };
		1039FD651C8B93A800360991 /* SuccessViewController.swift */ = {isa = PBXFileReference; fileEncoding = 4; lastKnownFileType = sourcecode.swift; path = SuccessViewController.swift; sourceTree = "<group>"; };
		1039FD671C8C9E2100360991 /* Profile.swift */ = {isa = PBXFileReference; fileEncoding = 4; lastKnownFileType = sourcecode.swift; path = Profile.swift; sourceTree = "<group>"; };
		1039FD691C8C9E3100360991 /* User.swift */ = {isa = PBXFileReference; fileEncoding = 4; lastKnownFileType = sourcecode.swift; path = User.swift; sourceTree = "<group>"; };
		1039FD6B1C8C9E6100360991 /* Network.swift */ = {isa = PBXFileReference; fileEncoding = 4; lastKnownFileType = sourcecode.swift; path = Network.swift; sourceTree = "<group>"; };
		3C9159A580BE9148980AFF0F /* Pods.debug.xcconfig */ = {isa = PBXFileReference; includeInIndex = 1; lastKnownFileType = text.xcconfig; name = Pods.debug.xcconfig; path = "Pods/Target Support Files/Pods/Pods.debug.xcconfig"; sourceTree = "<group>"; };
		62852FA7CA4FCC1D8897D92B /* Pods.framework */ = {isa = PBXFileReference; explicitFileType = wrapper.framework; includeInIndex = 0; path = Pods.framework; sourceTree = BUILT_PRODUCTS_DIR; };
		7751CAA29E4E6B7E26399067 /* Pods.release.xcconfig */ = {isa = PBXFileReference; includeInIndex = 1; lastKnownFileType = text.xcconfig; name = Pods.release.xcconfig; path = "Pods/Target Support Files/Pods/Pods.release.xcconfig"; sourceTree = "<group>"; };
		CA0ABE4E1C8D177E00F2315D /* NSDate+extension.swift */ = {isa = PBXFileReference; fileEncoding = 4; lastKnownFileType = sourcecode.swift; path = "NSDate+extension.swift"; sourceTree = "<group>"; };
		CA3B6CA81C85512F00D8FF25 /* Timeline.storyboard */ = {isa = PBXFileReference; fileEncoding = 4; lastKnownFileType = file.storyboard; path = Timeline.storyboard; sourceTree = "<group>"; };
		CA3B6CAA1C85514E00D8FF25 /* Events.storyboard */ = {isa = PBXFileReference; fileEncoding = 4; lastKnownFileType = file.storyboard; path = Events.storyboard; sourceTree = "<group>"; };
		CA3B6CAC1C85515F00D8FF25 /* Connect.storyboard */ = {isa = PBXFileReference; fileEncoding = 4; lastKnownFileType = file.storyboard; path = Connect.storyboard; sourceTree = "<group>"; };
		CA3B6CAE1C85517200D8FF25 /* Profile.storyboard */ = {isa = PBXFileReference; fileEncoding = 4; lastKnownFileType = file.storyboard; path = Profile.storyboard; sourceTree = "<group>"; };
		CA3B6CB01C85519400D8FF25 /* Topics.storyboard */ = {isa = PBXFileReference; fileEncoding = 4; lastKnownFileType = file.storyboard; path = Topics.storyboard; sourceTree = "<group>"; };
		CA3B6CB21C85530C00D8FF25 /* TimelineViewController.swift */ = {isa = PBXFileReference; fileEncoding = 4; lastKnownFileType = sourcecode.swift; path = TimelineViewController.swift; sourceTree = "<group>"; };
		CA3B6CB41C85532500D8FF25 /* EventsViewController.swift */ = {isa = PBXFileReference; fileEncoding = 4; lastKnownFileType = sourcecode.swift; path = EventsViewController.swift; sourceTree = "<group>"; };
		CA3B6CB61C85533600D8FF25 /* EventDetailsViewController.swift */ = {isa = PBXFileReference; fileEncoding = 4; lastKnownFileType = sourcecode.swift; path = EventDetailsViewController.swift; sourceTree = "<group>"; };
		CA3B6CB81C85535900D8FF25 /* ConnectViewController.swift */ = {isa = PBXFileReference; fileEncoding = 4; lastKnownFileType = sourcecode.swift; path = ConnectViewController.swift; sourceTree = "<group>"; };
		CA3B6CBA1C85536500D8FF25 /* ProfileViewController.swift */ = {isa = PBXFileReference; fileEncoding = 4; lastKnownFileType = sourcecode.swift; path = ProfileViewController.swift; sourceTree = "<group>"; };
		CA3B6CBC1C85537800D8FF25 /* TopicsViewController.swift */ = {isa = PBXFileReference; fileEncoding = 4; lastKnownFileType = sourcecode.swift; path = TopicsViewController.swift; sourceTree = "<group>"; };
		CA3B6CBE1C85538700D8FF25 /* TopicDetailsViewController.swift */ = {isa = PBXFileReference; fileEncoding = 4; lastKnownFileType = sourcecode.swift; path = TopicDetailsViewController.swift; sourceTree = "<group>"; };
		CA41C9C81C9013AD0045ECC9 /* EventsFilterViewController.swift */ = {isa = PBXFileReference; fileEncoding = 4; lastKnownFileType = sourcecode.swift; path = EventsFilterViewController.swift; sourceTree = "<group>"; };
		CA6276451C94A21A001C4C50 /* EventCell2.swift */ = {isa = PBXFileReference; fileEncoding = 4; lastKnownFileType = sourcecode.swift; path = EventCell2.swift; sourceTree = "<group>"; };
		CA6276461C94A21A001C4C50 /* EventCell2.xib */ = {isa = PBXFileReference; fileEncoding = 4; lastKnownFileType = file.xib; path = EventCell2.xib; sourceTree = "<group>"; };
		CA6276491C94F73A001C4C50 /* Feature.swift */ = {isa = PBXFileReference; fileEncoding = 4; lastKnownFileType = sourcecode.swift; path = Feature.swift; sourceTree = "<group>"; };
		CA62764B1C954339001C4C50 /* EventFilters.swift */ = {isa = PBXFileReference; fileEncoding = 4; lastKnownFileType = sourcecode.swift; path = EventFilters.swift; sourceTree = "<group>"; };
		CA82E48A1C961B4200675DDA /* EventRefreshControl.xib */ = {isa = PBXFileReference; fileEncoding = 4; lastKnownFileType = file.xib; path = EventRefreshControl.xib; sourceTree = "<group>"; };
		CAC049F41C8B63BA00996932 /* EventCell.xib */ = {isa = PBXFileReference; fileEncoding = 4; lastKnownFileType = file.xib; path = EventCell.xib; sourceTree = "<group>"; };
		CAC049F61C8B6DAD00996932 /* EventCell.swift */ = {isa = PBXFileReference; fileEncoding = 4; lastKnownFileType = sourcecode.swift; path = EventCell.swift; sourceTree = "<group>"; };
		CAC049FC1C8BC50C00996932 /* Event.swift */ = {isa = PBXFileReference; fileEncoding = 4; lastKnownFileType = sourcecode.swift; path = Event.swift; sourceTree = "<group>"; };
		E46EB54E1C854C7000E9C41B /* WomenWhoCode.app */ = {isa = PBXFileReference; explicitFileType = wrapper.application; includeInIndex = 0; path = WomenWhoCode.app; sourceTree = BUILT_PRODUCTS_DIR; };
		E46EB5511C854C7000E9C41B /* AppDelegate.swift */ = {isa = PBXFileReference; lastKnownFileType = sourcecode.swift; path = AppDelegate.swift; sourceTree = "<group>"; };
		E46EB5531C854C7000E9C41B /* LandingViewController.swift */ = {isa = PBXFileReference; lastKnownFileType = sourcecode.swift; path = LandingViewController.swift; sourceTree = "<group>"; };
		E46EB5591C854C7000E9C41B /* WomenWhoCode.xcdatamodel */ = {isa = PBXFileReference; lastKnownFileType = wrapper.xcdatamodel; path = WomenWhoCode.xcdatamodel; sourceTree = "<group>"; };
		E46EB55B1C854C7100E9C41B /* Assets.xcassets */ = {isa = PBXFileReference; lastKnownFileType = folder.assetcatalog; path = Assets.xcassets; sourceTree = "<group>"; };
		E46EB5601C854C7100E9C41B /* Info.plist */ = {isa = PBXFileReference; lastKnownFileType = text.plist.xml; path = Info.plist; sourceTree = "<group>"; };
		E46EB5651C854C7100E9C41B /* WomenWhoCodeTests.xctest */ = {isa = PBXFileReference; explicitFileType = wrapper.cfbundle; includeInIndex = 0; path = WomenWhoCodeTests.xctest; sourceTree = BUILT_PRODUCTS_DIR; };
		E46EB5691C854C7100E9C41B /* WomenWhoCodeTests.swift */ = {isa = PBXFileReference; lastKnownFileType = sourcecode.swift; path = WomenWhoCodeTests.swift; sourceTree = "<group>"; };
		E46EB56B1C854C7100E9C41B /* Info.plist */ = {isa = PBXFileReference; lastKnownFileType = text.plist.xml; path = Info.plist; sourceTree = "<group>"; };
		E46EB5701C854C7100E9C41B /* WomenWhoCodeUITests.xctest */ = {isa = PBXFileReference; explicitFileType = wrapper.cfbundle; includeInIndex = 0; path = WomenWhoCodeUITests.xctest; sourceTree = BUILT_PRODUCTS_DIR; };
		E46EB5741C854C7100E9C41B /* WomenWhoCodeUITests.swift */ = {isa = PBXFileReference; lastKnownFileType = sourcecode.swift; path = WomenWhoCodeUITests.swift; sourceTree = "<group>"; };
		E46EB5761C854C7100E9C41B /* Info.plist */ = {isa = PBXFileReference; lastKnownFileType = text.plist.xml; path = Info.plist; sourceTree = "<group>"; };
		E4AAB2651C93EDC0000231D5 /* SlackAPIClient.swift */ = {isa = PBXFileReference; fileEncoding = 4; lastKnownFileType = sourcecode.swift; path = SlackAPIClient.swift; sourceTree = "<group>"; };
		E4CF13E81C94D2A800A271B9 /* LaunchScreen.storyboard */ = {isa = PBXFileReference; fileEncoding = 4; lastKnownFileType = file.storyboard; path = LaunchScreen.storyboard; sourceTree = "<group>"; };
		E4CF13EA1C94E2B900A271B9 /* Chat.storyboard */ = {isa = PBXFileReference; fileEncoding = 4; lastKnownFileType = file.storyboard; path = Chat.storyboard; sourceTree = "<group>"; };
		E4CF13EC1C94E2E300A271B9 /* ChatViewController.swift */ = {isa = PBXFileReference; fileEncoding = 4; lastKnownFileType = sourcecode.swift; path = ChatViewController.swift; sourceTree = "<group>"; };
		E4CF13EE1C94E6F100A271B9 /* Message.swift */ = {isa = PBXFileReference; fileEncoding = 4; lastKnownFileType = sourcecode.swift; path = Message.swift; sourceTree = "<group>"; };
		E4CF13F61C94EB2500A271B9 /* MessageCell.swift */ = {isa = PBXFileReference; fileEncoding = 4; lastKnownFileType = sourcecode.swift; path = MessageCell.swift; sourceTree = "<group>"; };
		E4CF13F71C94EB2500A271B9 /* MessageCell.xib */ = {isa = PBXFileReference; fileEncoding = 4; lastKnownFileType = file.xib; path = MessageCell.xib; sourceTree = "<group>"; };
		E4CF13FA1C9506C900A271B9 /* SlackAPI.swift */ = {isa = PBXFileReference; fileEncoding = 4; lastKnownFileType = sourcecode.swift; path = SlackAPI.swift; sourceTree = "<group>"; };
		E4CF13FD1C9520C800A271B9 /* SlackUser.swift */ = {isa = PBXFileReference; fileEncoding = 4; lastKnownFileType = sourcecode.swift; path = SlackUser.swift; sourceTree = "<group>"; };
		E4CF14011C954C6100A271B9 /* SlackChannel.swift */ = {isa = PBXFileReference; fileEncoding = 4; lastKnownFileType = sourcecode.swift; path = SlackChannel.swift; sourceTree = "<group>"; };
		E4CF14031C95D0B100A271B9 /* RegexParser.swift */ = {isa = PBXFileReference; fileEncoding = 4; lastKnownFileType = sourcecode.swift; path = RegexParser.swift; sourceTree = "<group>"; };
		E4CF14051C95E30F00A271B9 /* MeetupAPI.swift */ = {isa = PBXFileReference; fileEncoding = 4; lastKnownFileType = sourcecode.swift; path = MeetupAPI.swift; sourceTree = "<group>"; };
		E4CF14071C95E32700A271B9 /* MeetupAPIClient.swift */ = {isa = PBXFileReference; fileEncoding = 4; lastKnownFileType = sourcecode.swift; path = MeetupAPIClient.swift; sourceTree = "<group>"; };
		E4CF140D1C95E76300A271B9 /* MeetupGroup.swift */ = {isa = PBXFileReference; fileEncoding = 4; lastKnownFileType = sourcecode.swift; path = MeetupGroup.swift; sourceTree = "<group>"; };
		E4CF140F1C95E77800A271B9 /* MeetupEvent.swift */ = {isa = PBXFileReference; fileEncoding = 4; lastKnownFileType = sourcecode.swift; path = MeetupEvent.swift; sourceTree = "<group>"; };
		E4CF14111C96039D00A271B9 /* MeetupVenue.swift */ = {isa = PBXFileReference; fileEncoding = 4; lastKnownFileType = sourcecode.swift; path = MeetupVenue.swift; sourceTree = "<group>"; };
		E4CF14131C9680B900A271B9 /* MeetupMember.swift */ = {isa = PBXFileReference; fileEncoding = 4; lastKnownFileType = sourcecode.swift; path = MeetupMember.swift; sourceTree = "<group>"; };
		E4CF14151C9689D000A271B9 /* MeetupRsvp.swift */ = {isa = PBXFileReference; fileEncoding = 4; lastKnownFileType = sourcecode.swift; path = MeetupRsvp.swift; sourceTree = "<group>"; };
		E4F4EFCB1C8CA3F500B480AC /* UserProfileCell.swift */ = {isa = PBXFileReference; fileEncoding = 4; lastKnownFileType = sourcecode.swift; path = UserProfileCell.swift; sourceTree = "<group>"; };
		E4F4EFCC1C8CA3F500B480AC /* UserProfileCell.xib */ = {isa = PBXFileReference; fileEncoding = 4; lastKnownFileType = file.xib; path = UserProfileCell.xib; sourceTree = "<group>"; };
		E4F4EFD01C8CD98500B480AC /* ParseAPIClient.swift */ = {isa = PBXFileReference; fileEncoding = 4; lastKnownFileType = sourcecode.swift; path = ParseAPIClient.swift; sourceTree = "<group>"; };
		E4F4EFD21C8CD99F00B480AC /* PersistenceManager.swift */ = {isa = PBXFileReference; fileEncoding = 4; lastKnownFileType = sourcecode.swift; path = PersistenceManager.swift; sourceTree = "<group>"; };
		E4F4EFD41C8CEAA800B480AC /* ParseAPI.swift */ = {isa = PBXFileReference; fileEncoding = 4; lastKnownFileType = sourcecode.swift; path = ParseAPI.swift; sourceTree = "<group>"; };
		E4F4EFD81C8CF2BD00B480AC /* UserSearchViewController.swift */ = {isa = PBXFileReference; fileEncoding = 4; lastKnownFileType = sourcecode.swift; path = UserSearchViewController.swift; sourceTree = "<group>"; };
		E4F4EFDA1C90F8BF00B480AC /* UIColor+extension.swift */ = {isa = PBXFileReference; fileEncoding = 4; lastKnownFileType = sourcecode.swift; path = "UIColor+extension.swift"; sourceTree = "<group>"; };
		E4F4EFDC1C90FC5A00B480AC /* Constants.swift */ = {isa = PBXFileReference; fileEncoding = 4; lastKnownFileType = sourcecode.swift; path = Constants.swift; sourceTree = "<group>"; };
		E4F4EFDE1C9107B700B480AC /* EventDetails.storyboard */ = {isa = PBXFileReference; fileEncoding = 4; lastKnownFileType = file.storyboard; path = EventDetails.storyboard; sourceTree = "<group>"; };
/* End PBXFileReference section */

/* Begin PBXFrameworksBuildPhase section */
		E46EB54B1C854C7000E9C41B /* Frameworks */ = {
			isa = PBXFrameworksBuildPhase;
			buildActionMask = 2147483647;
			files = (
				8A7A6F289034ED9D2D4F895D /* Pods.framework in Frameworks */,
			);
			runOnlyForDeploymentPostprocessing = 0;
		};
		E46EB5621C854C7100E9C41B /* Frameworks */ = {
			isa = PBXFrameworksBuildPhase;
			buildActionMask = 2147483647;
			files = (
			);
			runOnlyForDeploymentPostprocessing = 0;
		};
		E46EB56D1C854C7100E9C41B /* Frameworks */ = {
			isa = PBXFrameworksBuildPhase;
			buildActionMask = 2147483647;
			files = (
			);
			runOnlyForDeploymentPostprocessing = 0;
		};
/* End PBXFrameworksBuildPhase section */

/* Begin PBXGroup section */
		60A6C5DA7050847673F49DCE /* Pods */ = {
			isa = PBXGroup;
			children = (
				3C9159A580BE9148980AFF0F /* Pods.debug.xcconfig */,
				7751CAA29E4E6B7E26399067 /* Pods.release.xcconfig */,
			);
			name = Pods;
			sourceTree = "<group>";
		};
		CA0ABE4D1C8D175400F2315D /* Extensions */ = {
			isa = PBXGroup;
			children = (
				CA0ABE4E1C8D177E00F2315D /* NSDate+extension.swift */,
				E4F4EFDA1C90F8BF00B480AC /* UIColor+extension.swift */,
				E4F4EFDC1C90FC5A00B480AC /* Constants.swift */,
				E4CF14031C95D0B100A271B9 /* RegexParser.swift */,
			);
			name = Extensions;
			sourceTree = "<group>";
		};
		CA3B6CA41C854DC800D8FF25 /* Controllers */ = {
			isa = PBXGroup;
			children = (
				E46EB5531C854C7000E9C41B /* LandingViewController.swift */,
				CA3B6CB21C85530C00D8FF25 /* TimelineViewController.swift */,
				CA3B6CB41C85532500D8FF25 /* EventsViewController.swift */,
				CA3B6CB61C85533600D8FF25 /* EventDetailsViewController.swift */,
				CA3B6CB81C85535900D8FF25 /* ConnectViewController.swift */,
				CA3B6CBA1C85536500D8FF25 /* ProfileViewController.swift */,
				CA3B6CBC1C85537800D8FF25 /* TopicsViewController.swift */,
				CA3B6CBE1C85538700D8FF25 /* TopicDetailsViewController.swift */,
				1039FD5F1C8B625800360991 /* SignUpViewController.swift */,
				1039FD611C8B626F00360991 /* LoginViewController.swift */,
				1039FD651C8B93A800360991 /* SuccessViewController.swift */,
				E4F4EFD81C8CF2BD00B480AC /* UserSearchViewController.swift */,
				CA41C9C81C9013AD0045ECC9 /* EventsFilterViewController.swift */,
				E4CF13EC1C94E2E300A271B9 /* ChatViewController.swift */,
			);
			name = Controllers;
			sourceTree = "<group>";
		};
		CA3B6CA51C854DD500D8FF25 /* Models */ = {
			isa = PBXGroup;
			children = (
				E4CF140C1C95E74000A271B9 /* Meetup */,
				E4CF13FC1C9520A700A271B9 /* Slack */,
				1039FD671C8C9E2100360991 /* Profile.swift */,
				1039FD691C8C9E3100360991 /* User.swift */,
				1039FD6B1C8C9E6100360991 /* Network.swift */,
				CAC049FC1C8BC50C00996932 /* Event.swift */,
				CA6276491C94F73A001C4C50 /* Feature.swift */,
				CA62764B1C954339001C4C50 /* EventFilters.swift */,
				100341251C957509005C2D3B /* Subscribed.swift */,
				100341271C95F0BC005C2D3B /* Post.swift */,
			);
			name = Models;
			sourceTree = "<group>";
		};
		CA3B6CA61C854DDB00D8FF25 /* Views */ = {
			isa = PBXGroup;
			children = (
				E4CF14151C9689D000A271B9 /* MeetupRsvp.swift */,
				E4F4EFCB1C8CA3F500B480AC /* UserProfileCell.swift */,
				E4F4EFCC1C8CA3F500B480AC /* UserProfileCell.xib */,
				CAC049F41C8B63BA00996932 /* EventCell.xib */,
				CAC049F61C8B6DAD00996932 /* EventCell.swift */,
				E4CF13F61C94EB2500A271B9 /* MessageCell.swift */,
				E4CF13F71C94EB2500A271B9 /* MessageCell.xib */,
				CA6276451C94A21A001C4C50 /* EventCell2.swift */,
				CA6276461C94A21A001C4C50 /* EventCell2.xib */,
				100341231C955FA3005C2D3B /* TopicCell.swift */,
				CA82E48A1C961B4200675DDA /* EventRefreshControl.xib */,
			);
			name = Views;
			sourceTree = "<group>";
		};
		CA3B6CA71C854EDD00D8FF25 /* Storyboards */ = {
			isa = PBXGroup;
			children = (
				1039FD631C8B6ADD00360991 /* Main.Storyboard */,
				CA3B6CA81C85512F00D8FF25 /* Timeline.storyboard */,
				CA3B6CAA1C85514E00D8FF25 /* Events.storyboard */,
				CA3B6CAC1C85515F00D8FF25 /* Connect.storyboard */,
				CA3B6CAE1C85517200D8FF25 /* Profile.storyboard */,
				CA3B6CB01C85519400D8FF25 /* Topics.storyboard */,
				E4F4EFDE1C9107B700B480AC /* EventDetails.storyboard */,
				E4CF13E81C94D2A800A271B9 /* LaunchScreen.storyboard */,
				E4CF13EA1C94E2B900A271B9 /* Chat.storyboard */,
			);
			name = Storyboards;
			sourceTree = "<group>";
		};
		D11BFB1F0A481A2AC249FB79 /* Frameworks */ = {
			isa = PBXGroup;
			children = (
				62852FA7CA4FCC1D8897D92B /* Pods.framework */,
			);
			name = Frameworks;
			sourceTree = "<group>";
		};
		E46EB5451C854C7000E9C41B = {
			isa = PBXGroup;
			children = (
				E46EB5501C854C7000E9C41B /* WomenWhoCode */,
				E46EB5681C854C7100E9C41B /* WomenWhoCodeTests */,
				E46EB5731C854C7100E9C41B /* WomenWhoCodeUITests */,
				E46EB54F1C854C7000E9C41B /* Products */,
				60A6C5DA7050847673F49DCE /* Pods */,
				D11BFB1F0A481A2AC249FB79 /* Frameworks */,
			);
			sourceTree = "<group>";
		};
		E46EB54F1C854C7000E9C41B /* Products */ = {
			isa = PBXGroup;
			children = (
				E46EB54E1C854C7000E9C41B /* WomenWhoCode.app */,
				E46EB5651C854C7100E9C41B /* WomenWhoCodeTests.xctest */,
				E46EB5701C854C7100E9C41B /* WomenWhoCodeUITests.xctest */,
			);
			name = Products;
			sourceTree = "<group>";
		};
		E46EB5501C854C7000E9C41B /* WomenWhoCode */ = {
			isa = PBXGroup;
			children = (
				CA0ABE4D1C8D175400F2315D /* Extensions */,
				E4F4EFCF1C8CD96B00B480AC /* API */,
				CA3B6CA71C854EDD00D8FF25 /* Storyboards */,
				CA3B6CA61C854DDB00D8FF25 /* Views */,
				CA3B6CA51C854DD500D8FF25 /* Models */,
				CA3B6CA41C854DC800D8FF25 /* Controllers */,
				E46EB5511C854C7000E9C41B /* AppDelegate.swift */,
				E46EB55B1C854C7100E9C41B /* Assets.xcassets */,
				E46EB5601C854C7100E9C41B /* Info.plist */,
				E46EB5581C854C7000E9C41B /* WomenWhoCode.xcdatamodeld */,
			);
			path = WomenWhoCode;
			sourceTree = "<group>";
		};
		E46EB5681C854C7100E9C41B /* WomenWhoCodeTests */ = {
			isa = PBXGroup;
			children = (
				E46EB5691C854C7100E9C41B /* WomenWhoCodeTests.swift */,
				E46EB56B1C854C7100E9C41B /* Info.plist */,
			);
			path = WomenWhoCodeTests;
			sourceTree = "<group>";
		};
		E46EB5731C854C7100E9C41B /* WomenWhoCodeUITests */ = {
			isa = PBXGroup;
			children = (
				E46EB5741C854C7100E9C41B /* WomenWhoCodeUITests.swift */,
				E46EB5761C854C7100E9C41B /* Info.plist */,
			);
			path = WomenWhoCodeUITests;
			sourceTree = "<group>";
		};
		E4CF13FC1C9520A700A271B9 /* Slack */ = {
			isa = PBXGroup;
			children = (
				E4CF13FD1C9520C800A271B9 /* SlackUser.swift */,
				E4CF13EE1C94E6F100A271B9 /* Message.swift */,
				E4CF14011C954C6100A271B9 /* SlackChannel.swift */,
			);
			name = Slack;
			sourceTree = "<group>";
		};
		E4CF14091C95E33F00A271B9 /* Meetup */ = {
			isa = PBXGroup;
			children = (
				E4CF14051C95E30F00A271B9 /* MeetupAPI.swift */,
				E4CF14071C95E32700A271B9 /* MeetupAPIClient.swift */,
			);
			name = Meetup;
			sourceTree = "<group>";
		};
		E4CF140A1C95E34F00A271B9 /* Slack */ = {
			isa = PBXGroup;
			children = (
				E4AAB2651C93EDC0000231D5 /* SlackAPIClient.swift */,
				E4CF13FA1C9506C900A271B9 /* SlackAPI.swift */,
			);
			name = Slack;
			sourceTree = "<group>";
		};
		E4CF140B1C95E3E400A271B9 /* Parse */ = {
			isa = PBXGroup;
			children = (
				E4F4EFD01C8CD98500B480AC /* ParseAPIClient.swift */,
				E4F4EFD41C8CEAA800B480AC /* ParseAPI.swift */,
			);
			name = Parse;
			sourceTree = "<group>";
		};
		E4CF140C1C95E74000A271B9 /* Meetup */ = {
			isa = PBXGroup;
			children = (
				E4CF140D1C95E76300A271B9 /* MeetupGroup.swift */,
				E4CF140F1C95E77800A271B9 /* MeetupEvent.swift */,
				E4CF14111C96039D00A271B9 /* MeetupVenue.swift */,
				E4CF14131C9680B900A271B9 /* MeetupMember.swift */,
			);
			name = Meetup;
			sourceTree = "<group>";
		};
		E4F4EFCF1C8CD96B00B480AC /* API */ = {
			isa = PBXGroup;
			children = (
				E4F4EFD21C8CD99F00B480AC /* PersistenceManager.swift */,
				E4CF14091C95E33F00A271B9 /* Meetup */,
				E4CF140B1C95E3E400A271B9 /* Parse */,
				E4CF140A1C95E34F00A271B9 /* Slack */,
			);
			name = API;
			sourceTree = "<group>";
		};
/* End PBXGroup section */

/* Begin PBXNativeTarget section */
		E46EB54D1C854C7000E9C41B /* WomenWhoCode */ = {
			isa = PBXNativeTarget;
			buildConfigurationList = E46EB5791C854C7100E9C41B /* Build configuration list for PBXNativeTarget "WomenWhoCode" */;
			buildPhases = (
				402FEA09087C3498044D0032 /* Check Pods Manifest.lock */,
				E46EB54A1C854C7000E9C41B /* Sources */,
				E46EB54B1C854C7000E9C41B /* Frameworks */,
				E46EB54C1C854C7000E9C41B /* Resources */,
				D7C7FFE988CFE375371BECD3 /* Embed Pods Frameworks */,
				88F72E8ED27FC5DC531EFD5F /* Copy Pods Resources */,
			);
			buildRules = (
			);
			dependencies = (
			);
			name = WomenWhoCode;
			productName = WomenWhoCode;
			productReference = E46EB54E1C854C7000E9C41B /* WomenWhoCode.app */;
			productType = "com.apple.product-type.application";
		};
		E46EB5641C854C7100E9C41B /* WomenWhoCodeTests */ = {
			isa = PBXNativeTarget;
			buildConfigurationList = E46EB57C1C854C7100E9C41B /* Build configuration list for PBXNativeTarget "WomenWhoCodeTests" */;
			buildPhases = (
				E46EB5611C854C7100E9C41B /* Sources */,
				E46EB5621C854C7100E9C41B /* Frameworks */,
				E46EB5631C854C7100E9C41B /* Resources */,
			);
			buildRules = (
			);
			dependencies = (
				E46EB5671C854C7100E9C41B /* PBXTargetDependency */,
			);
			name = WomenWhoCodeTests;
			productName = WomenWhoCodeTests;
			productReference = E46EB5651C854C7100E9C41B /* WomenWhoCodeTests.xctest */;
			productType = "com.apple.product-type.bundle.unit-test";
		};
		E46EB56F1C854C7100E9C41B /* WomenWhoCodeUITests */ = {
			isa = PBXNativeTarget;
			buildConfigurationList = E46EB57F1C854C7100E9C41B /* Build configuration list for PBXNativeTarget "WomenWhoCodeUITests" */;
			buildPhases = (
				E46EB56C1C854C7100E9C41B /* Sources */,
				E46EB56D1C854C7100E9C41B /* Frameworks */,
				E46EB56E1C854C7100E9C41B /* Resources */,
			);
			buildRules = (
			);
			dependencies = (
				E46EB5721C854C7100E9C41B /* PBXTargetDependency */,
			);
			name = WomenWhoCodeUITests;
			productName = WomenWhoCodeUITests;
			productReference = E46EB5701C854C7100E9C41B /* WomenWhoCodeUITests.xctest */;
			productType = "com.apple.product-type.bundle.ui-testing";
		};
/* End PBXNativeTarget section */

/* Begin PBXProject section */
		E46EB5461C854C7000E9C41B /* Project object */ = {
			isa = PBXProject;
			attributes = {
				LastSwiftUpdateCheck = 0720;
				LastUpgradeCheck = 0720;
				ORGANIZATIONNAME = WomenWhoCode;
				TargetAttributes = {
					E46EB54D1C854C7000E9C41B = {
						CreatedOnToolsVersion = 7.2.1;
					};
					E46EB5641C854C7100E9C41B = {
						CreatedOnToolsVersion = 7.2.1;
						TestTargetID = E46EB54D1C854C7000E9C41B;
					};
					E46EB56F1C854C7100E9C41B = {
						CreatedOnToolsVersion = 7.2.1;
						TestTargetID = E46EB54D1C854C7000E9C41B;
					};
				};
			};
			buildConfigurationList = E46EB5491C854C7000E9C41B /* Build configuration list for PBXProject "WomenWhoCode" */;
			compatibilityVersion = "Xcode 3.2";
			developmentRegion = English;
			hasScannedForEncodings = 0;
			knownRegions = (
				en,
				Base,
			);
			mainGroup = E46EB5451C854C7000E9C41B;
			productRefGroup = E46EB54F1C854C7000E9C41B /* Products */;
			projectDirPath = "";
			projectRoot = "";
			targets = (
				E46EB54D1C854C7000E9C41B /* WomenWhoCode */,
				E46EB5641C854C7100E9C41B /* WomenWhoCodeTests */,
				E46EB56F1C854C7100E9C41B /* WomenWhoCodeUITests */,
			);
		};
/* End PBXProject section */

/* Begin PBXResourcesBuildPhase section */
		E46EB54C1C854C7000E9C41B /* Resources */ = {
			isa = PBXResourcesBuildPhase;
			buildActionMask = 2147483647;
			files = (
				CA6276481C94A21A001C4C50 /* EventCell2.xib in Resources */,
				CA3B6CA91C85512F00D8FF25 /* Timeline.storyboard in Resources */,
				CA3B6CB11C85519400D8FF25 /* Topics.storyboard in Resources */,
				E46EB55C1C854C7100E9C41B /* Assets.xcassets in Resources */,
				E4CF13F91C94EB2500A271B9 /* MessageCell.xib in Resources */,
				CA82E48B1C961B4200675DDA /* EventRefreshControl.xib in Resources */,
				CA3B6CAD1C85515F00D8FF25 /* Connect.storyboard in Resources */,
				E4F4EFCE1C8CA3F500B480AC /* UserProfileCell.xib in Resources */,
				CA3B6CAF1C85517200D8FF25 /* Profile.storyboard in Resources */,
				E4CF13EB1C94E2B900A271B9 /* Chat.storyboard in Resources */,
				E4CF13E91C94D2A800A271B9 /* LaunchScreen.storyboard in Resources */,
				E4F4EFDF1C9107B700B480AC /* EventDetails.storyboard in Resources */,
				CAC049F51C8B63BA00996932 /* EventCell.xib in Resources */,
				CA3B6CAB1C85514E00D8FF25 /* Events.storyboard in Resources */,
				1039FD641C8B6ADD00360991 /* Main.Storyboard in Resources */,
			);
			runOnlyForDeploymentPostprocessing = 0;
		};
		E46EB5631C854C7100E9C41B /* Resources */ = {
			isa = PBXResourcesBuildPhase;
			buildActionMask = 2147483647;
			files = (
			);
			runOnlyForDeploymentPostprocessing = 0;
		};
		E46EB56E1C854C7100E9C41B /* Resources */ = {
			isa = PBXResourcesBuildPhase;
			buildActionMask = 2147483647;
			files = (
			);
			runOnlyForDeploymentPostprocessing = 0;
		};
/* End PBXResourcesBuildPhase section */

/* Begin PBXShellScriptBuildPhase section */
		402FEA09087C3498044D0032 /* Check Pods Manifest.lock */ = {
			isa = PBXShellScriptBuildPhase;
			buildActionMask = 2147483647;
			files = (
			);
			inputPaths = (
			);
			name = "Check Pods Manifest.lock";
			outputPaths = (
			);
			runOnlyForDeploymentPostprocessing = 0;
			shellPath = /bin/sh;
			shellScript = "diff \"${PODS_ROOT}/../Podfile.lock\" \"${PODS_ROOT}/Manifest.lock\" > /dev/null\nif [[ $? != 0 ]] ; then\n    cat << EOM\nerror: The sandbox is not in sync with the Podfile.lock. Run 'pod install' or update your CocoaPods installation.\nEOM\n    exit 1\nfi\n";
			showEnvVarsInLog = 0;
		};
		88F72E8ED27FC5DC531EFD5F /* Copy Pods Resources */ = {
			isa = PBXShellScriptBuildPhase;
			buildActionMask = 2147483647;
			files = (
			);
			inputPaths = (
			);
			name = "Copy Pods Resources";
			outputPaths = (
			);
			runOnlyForDeploymentPostprocessing = 0;
			shellPath = /bin/sh;
			shellScript = "\"${SRCROOT}/Pods/Target Support Files/Pods/Pods-resources.sh\"\n";
			showEnvVarsInLog = 0;
		};
		D7C7FFE988CFE375371BECD3 /* Embed Pods Frameworks */ = {
			isa = PBXShellScriptBuildPhase;
			buildActionMask = 2147483647;
			files = (
			);
			inputPaths = (
			);
			name = "Embed Pods Frameworks";
			outputPaths = (
			);
			runOnlyForDeploymentPostprocessing = 0;
			shellPath = /bin/sh;
			shellScript = "\"${SRCROOT}/Pods/Target Support Files/Pods/Pods-frameworks.sh\"\n";
			showEnvVarsInLog = 0;
		};
/* End PBXShellScriptBuildPhase section */

/* Begin PBXSourcesBuildPhase section */
		E46EB54A1C854C7000E9C41B /* Sources */ = {
			isa = PBXSourcesBuildPhase;
			buildActionMask = 2147483647;
			files = (
				E4CF14141C9680B900A271B9 /* MeetupMember.swift in Sources */,
				E4F4EFCD1C8CA3F500B480AC /* UserProfileCell.swift in Sources */,
				E4CF14061C95E30F00A271B9 /* MeetupAPI.swift in Sources */,
				E4CF14121C96039D00A271B9 /* MeetupVenue.swift in Sources */,
				1039FD621C8B626F00360991 /* LoginViewController.swift in Sources */,
				1039FD601C8B625800360991 /* SignUpViewController.swift in Sources */,
				100341281C95F0BC005C2D3B /* Post.swift in Sources */,
				E4F4EFDB1C90F8BF00B480AC /* UIColor+extension.swift in Sources */,
				1039FD6C1C8C9E6100360991 /* Network.swift in Sources */,
				CA3B6CB91C85535900D8FF25 /* ConnectViewController.swift in Sources */,
				1039FD681C8C9E2100360991 /* Profile.swift in Sources */,
				E4CF13F81C94EB2500A271B9 /* MessageCell.swift in Sources */,
				CAC049F71C8B6DAD00996932 /* EventCell.swift in Sources */,
				E4CF140E1C95E76300A271B9 /* MeetupGroup.swift in Sources */,
				CA3B6CB71C85533600D8FF25 /* EventDetailsViewController.swift in Sources */,
				E46EB55A1C854C7000E9C41B /* WomenWhoCode.xcdatamodeld in Sources */,
				E4F4EFD91C8CF2BD00B480AC /* UserSearchViewController.swift in Sources */,
				CA6276471C94A21A001C4C50 /* EventCell2.swift in Sources */,
				CAC049FD1C8BC50C00996932 /* Event.swift in Sources */,
				E4CF14021C954C6100A271B9 /* SlackChannel.swift in Sources */,
				E4F4EFD51C8CEAA800B480AC /* ParseAPI.swift in Sources */,
				CA3B6CB31C85530C00D8FF25 /* TimelineViewController.swift in Sources */,
				E4CF14161C9689D000A271B9 /* MeetupRsvp.swift in Sources */,
				CA62764A1C94F73A001C4C50 /* Feature.swift in Sources */,
				CA0ABE4F1C8D177E00F2315D /* NSDate+extension.swift in Sources */,
				100341261C957509005C2D3B /* Subscribed.swift in Sources */,
				E46EB5541C854C7000E9C41B /* LandingViewController.swift in Sources */,
				CA41C9C91C9013AD0045ECC9 /* EventsFilterViewController.swift in Sources */,
				E4F4EFD31C8CD99F00B480AC /* PersistenceManager.swift in Sources */,
				1039FD6A1C8C9E3100360991 /* User.swift in Sources */,
				CA3B6CBD1C85537800D8FF25 /* TopicsViewController.swift in Sources */,
				CA62764C1C954339001C4C50 /* EventFilters.swift in Sources */,
				CA3B6CBF1C85538700D8FF25 /* TopicDetailsViewController.swift in Sources */,
				E46EB5521C854C7000E9C41B /* AppDelegate.swift in Sources */,
				100341241C955FA3005C2D3B /* TopicCell.swift in Sources */,
				CA3B6CBB1C85536500D8FF25 /* ProfileViewController.swift in Sources */,
				CA3B6CB51C85532500D8FF25 /* EventsViewController.swift in Sources */,
				E4CF13FB1C9506C900A271B9 /* SlackAPI.swift in Sources */,
				E4CF14101C95E77800A271B9 /* MeetupEvent.swift in Sources */,
				E4F4EFD11C8CD98500B480AC /* ParseAPIClient.swift in Sources */,
				1039FD661C8B93A800360991 /* SuccessViewController.swift in Sources */,
				E4CF13FE1C9520C800A271B9 /* SlackUser.swift in Sources */,
				E4AAB2661C93EDC0000231D5 /* SlackAPIClient.swift in Sources */,
				E4CF14081C95E32700A271B9 /* MeetupAPIClient.swift in Sources */,
				E4CF14041C95D0B100A271B9 /* RegexParser.swift in Sources */,
				E4CF13EF1C94E6F100A271B9 /* Message.swift in Sources */,
				E4CF13ED1C94E2E300A271B9 /* ChatViewController.swift in Sources */,
				E4F4EFDD1C90FC5A00B480AC /* Constants.swift in Sources */,
			);
			runOnlyForDeploymentPostprocessing = 0;
		};
		E46EB5611C854C7100E9C41B /* Sources */ = {
			isa = PBXSourcesBuildPhase;
			buildActionMask = 2147483647;
			files = (
				E46EB56A1C854C7100E9C41B /* WomenWhoCodeTests.swift in Sources */,
			);
			runOnlyForDeploymentPostprocessing = 0;
		};
		E46EB56C1C854C7100E9C41B /* Sources */ = {
			isa = PBXSourcesBuildPhase;
			buildActionMask = 2147483647;
			files = (
				E46EB5751C854C7100E9C41B /* WomenWhoCodeUITests.swift in Sources */,
			);
			runOnlyForDeploymentPostprocessing = 0;
		};
/* End PBXSourcesBuildPhase section */

/* Begin PBXTargetDependency section */
		E46EB5671C854C7100E9C41B /* PBXTargetDependency */ = {
			isa = PBXTargetDependency;
			target = E46EB54D1C854C7000E9C41B /* WomenWhoCode */;
			targetProxy = E46EB5661C854C7100E9C41B /* PBXContainerItemProxy */;
		};
		E46EB5721C854C7100E9C41B /* PBXTargetDependency */ = {
			isa = PBXTargetDependency;
			target = E46EB54D1C854C7000E9C41B /* WomenWhoCode */;
			targetProxy = E46EB5711C854C7100E9C41B /* PBXContainerItemProxy */;
		};
/* End PBXTargetDependency section */

/* Begin XCBuildConfiguration section */
		E46EB5771C854C7100E9C41B /* Debug */ = {
			isa = XCBuildConfiguration;
			buildSettings = {
				ALWAYS_SEARCH_USER_PATHS = NO;
				CLANG_CXX_LANGUAGE_STANDARD = "gnu++0x";
				CLANG_CXX_LIBRARY = "libc++";
				CLANG_ENABLE_MODULES = YES;
				CLANG_ENABLE_OBJC_ARC = YES;
				CLANG_WARN_BOOL_CONVERSION = YES;
				CLANG_WARN_CONSTANT_CONVERSION = YES;
				CLANG_WARN_DIRECT_OBJC_ISA_USAGE = YES_ERROR;
				CLANG_WARN_EMPTY_BODY = YES;
				CLANG_WARN_ENUM_CONVERSION = YES;
				CLANG_WARN_INT_CONVERSION = YES;
				CLANG_WARN_OBJC_ROOT_CLASS = YES_ERROR;
				CLANG_WARN_UNREACHABLE_CODE = YES;
				CLANG_WARN__DUPLICATE_METHOD_MATCH = YES;
				"CODE_SIGN_IDENTITY[sdk=iphoneos*]" = "iPhone Developer";
				COPY_PHASE_STRIP = NO;
				DEBUG_INFORMATION_FORMAT = dwarf;
				ENABLE_STRICT_OBJC_MSGSEND = YES;
				ENABLE_TESTABILITY = YES;
				GCC_C_LANGUAGE_STANDARD = gnu99;
				GCC_DYNAMIC_NO_PIC = NO;
				GCC_NO_COMMON_BLOCKS = YES;
				GCC_OPTIMIZATION_LEVEL = 0;
				GCC_PREPROCESSOR_DEFINITIONS = (
					"DEBUG=1",
					"$(inherited)",
				);
				GCC_WARN_64_TO_32_BIT_CONVERSION = YES;
				GCC_WARN_ABOUT_RETURN_TYPE = YES_ERROR;
				GCC_WARN_UNDECLARED_SELECTOR = YES;
				GCC_WARN_UNINITIALIZED_AUTOS = YES_AGGRESSIVE;
				GCC_WARN_UNUSED_FUNCTION = YES;
				GCC_WARN_UNUSED_VARIABLE = YES;
				IPHONEOS_DEPLOYMENT_TARGET = 9.2;
				MTL_ENABLE_DEBUG_INFO = YES;
				ONLY_ACTIVE_ARCH = YES;
				SDKROOT = iphoneos;
				SWIFT_OPTIMIZATION_LEVEL = "-Onone";
				TARGETED_DEVICE_FAMILY = "1,2";
			};
			name = Debug;
		};
		E46EB5781C854C7100E9C41B /* Release */ = {
			isa = XCBuildConfiguration;
			buildSettings = {
				ALWAYS_SEARCH_USER_PATHS = NO;
				CLANG_CXX_LANGUAGE_STANDARD = "gnu++0x";
				CLANG_CXX_LIBRARY = "libc++";
				CLANG_ENABLE_MODULES = YES;
				CLANG_ENABLE_OBJC_ARC = YES;
				CLANG_WARN_BOOL_CONVERSION = YES;
				CLANG_WARN_CONSTANT_CONVERSION = YES;
				CLANG_WARN_DIRECT_OBJC_ISA_USAGE = YES_ERROR;
				CLANG_WARN_EMPTY_BODY = YES;
				CLANG_WARN_ENUM_CONVERSION = YES;
				CLANG_WARN_INT_CONVERSION = YES;
				CLANG_WARN_OBJC_ROOT_CLASS = YES_ERROR;
				CLANG_WARN_UNREACHABLE_CODE = YES;
				CLANG_WARN__DUPLICATE_METHOD_MATCH = YES;
				"CODE_SIGN_IDENTITY[sdk=iphoneos*]" = "iPhone Developer";
				COPY_PHASE_STRIP = NO;
				DEBUG_INFORMATION_FORMAT = "dwarf-with-dsym";
				ENABLE_NS_ASSERTIONS = NO;
				ENABLE_STRICT_OBJC_MSGSEND = YES;
				GCC_C_LANGUAGE_STANDARD = gnu99;
				GCC_NO_COMMON_BLOCKS = YES;
				GCC_WARN_64_TO_32_BIT_CONVERSION = YES;
				GCC_WARN_ABOUT_RETURN_TYPE = YES_ERROR;
				GCC_WARN_UNDECLARED_SELECTOR = YES;
				GCC_WARN_UNINITIALIZED_AUTOS = YES_AGGRESSIVE;
				GCC_WARN_UNUSED_FUNCTION = YES;
				GCC_WARN_UNUSED_VARIABLE = YES;
				IPHONEOS_DEPLOYMENT_TARGET = 9.2;
				MTL_ENABLE_DEBUG_INFO = NO;
				SDKROOT = iphoneos;
				TARGETED_DEVICE_FAMILY = "1,2";
				VALIDATE_PRODUCT = YES;
			};
			name = Release;
		};
		E46EB57A1C854C7100E9C41B /* Debug */ = {
			isa = XCBuildConfiguration;
			baseConfigurationReference = 3C9159A580BE9148980AFF0F /* Pods.debug.xcconfig */;
			buildSettings = {
				ASSETCATALOG_COMPILER_APPICON_NAME = AppIcon;
				INFOPLIST_FILE = WomenWhoCode/Info.plist;
				LD_RUNPATH_SEARCH_PATHS = "$(inherited) @executable_path/Frameworks";
				PRODUCT_BUNDLE_IDENTIFIER = com.womenwhocode.WomenWhoCode;
				PRODUCT_NAME = "$(TARGET_NAME)";
			};
			name = Debug;
		};
		E46EB57B1C854C7100E9C41B /* Release */ = {
			isa = XCBuildConfiguration;
			baseConfigurationReference = 7751CAA29E4E6B7E26399067 /* Pods.release.xcconfig */;
			buildSettings = {
				ASSETCATALOG_COMPILER_APPICON_NAME = AppIcon;
				INFOPLIST_FILE = WomenWhoCode/Info.plist;
				LD_RUNPATH_SEARCH_PATHS = "$(inherited) @executable_path/Frameworks";
				PRODUCT_BUNDLE_IDENTIFIER = com.womenwhocode.WomenWhoCode;
				PRODUCT_NAME = "$(TARGET_NAME)";
			};
			name = Release;
		};
		E46EB57D1C854C7100E9C41B /* Debug */ = {
			isa = XCBuildConfiguration;
			buildSettings = {
				BUNDLE_LOADER = "$(TEST_HOST)";
				INFOPLIST_FILE = WomenWhoCodeTests/Info.plist;
				LD_RUNPATH_SEARCH_PATHS = "$(inherited) @executable_path/Frameworks @loader_path/Frameworks";
				PRODUCT_BUNDLE_IDENTIFIER = com.womenwhocode.WomenWhoCodeTests;
				PRODUCT_NAME = "$(TARGET_NAME)";
				TEST_HOST = "$(BUILT_PRODUCTS_DIR)/WomenWhoCode.app/WomenWhoCode";
			};
			name = Debug;
		};
		E46EB57E1C854C7100E9C41B /* Release */ = {
			isa = XCBuildConfiguration;
			buildSettings = {
				BUNDLE_LOADER = "$(TEST_HOST)";
				INFOPLIST_FILE = WomenWhoCodeTests/Info.plist;
				LD_RUNPATH_SEARCH_PATHS = "$(inherited) @executable_path/Frameworks @loader_path/Frameworks";
				PRODUCT_BUNDLE_IDENTIFIER = com.womenwhocode.WomenWhoCodeTests;
				PRODUCT_NAME = "$(TARGET_NAME)";
				TEST_HOST = "$(BUILT_PRODUCTS_DIR)/WomenWhoCode.app/WomenWhoCode";
			};
			name = Release;
		};
		E46EB5801C854C7100E9C41B /* Debug */ = {
			isa = XCBuildConfiguration;
			buildSettings = {
				INFOPLIST_FILE = WomenWhoCodeUITests/Info.plist;
				LD_RUNPATH_SEARCH_PATHS = "$(inherited) @executable_path/Frameworks @loader_path/Frameworks";
				PRODUCT_BUNDLE_IDENTIFIER = com.womenwhocode.WomenWhoCodeUITests;
				PRODUCT_NAME = "$(TARGET_NAME)";
				TEST_TARGET_NAME = WomenWhoCode;
				USES_XCTRUNNER = YES;
			};
			name = Debug;
		};
		E46EB5811C854C7100E9C41B /* Release */ = {
			isa = XCBuildConfiguration;
			buildSettings = {
				INFOPLIST_FILE = WomenWhoCodeUITests/Info.plist;
				LD_RUNPATH_SEARCH_PATHS = "$(inherited) @executable_path/Frameworks @loader_path/Frameworks";
				PRODUCT_BUNDLE_IDENTIFIER = com.womenwhocode.WomenWhoCodeUITests;
				PRODUCT_NAME = "$(TARGET_NAME)";
				TEST_TARGET_NAME = WomenWhoCode;
				USES_XCTRUNNER = YES;
			};
			name = Release;
		};
/* End XCBuildConfiguration section */

/* Begin XCConfigurationList section */
		E46EB5491C854C7000E9C41B /* Build configuration list for PBXProject "WomenWhoCode" */ = {
			isa = XCConfigurationList;
			buildConfigurations = (
				E46EB5771C854C7100E9C41B /* Debug */,
				E46EB5781C854C7100E9C41B /* Release */,
			);
			defaultConfigurationIsVisible = 0;
			defaultConfigurationName = Release;
		};
		E46EB5791C854C7100E9C41B /* Build configuration list for PBXNativeTarget "WomenWhoCode" */ = {
			isa = XCConfigurationList;
			buildConfigurations = (
				E46EB57A1C854C7100E9C41B /* Debug */,
				E46EB57B1C854C7100E9C41B /* Release */,
			);
			defaultConfigurationIsVisible = 0;
			defaultConfigurationName = Release;
		};
		E46EB57C1C854C7100E9C41B /* Build configuration list for PBXNativeTarget "WomenWhoCodeTests" */ = {
			isa = XCConfigurationList;
			buildConfigurations = (
				E46EB57D1C854C7100E9C41B /* Debug */,
				E46EB57E1C854C7100E9C41B /* Release */,
			);
			defaultConfigurationIsVisible = 0;
			defaultConfigurationName = Release;
		};
		E46EB57F1C854C7100E9C41B /* Build configuration list for PBXNativeTarget "WomenWhoCodeUITests" */ = {
			isa = XCConfigurationList;
			buildConfigurations = (
				E46EB5801C854C7100E9C41B /* Debug */,
				E46EB5811C854C7100E9C41B /* Release */,
			);
			defaultConfigurationIsVisible = 0;
			defaultConfigurationName = Release;
		};
/* End XCConfigurationList section */

/* Begin XCVersionGroup section */
		E46EB5581C854C7000E9C41B /* WomenWhoCode.xcdatamodeld */ = {
			isa = XCVersionGroup;
			children = (
				E46EB5591C854C7000E9C41B /* WomenWhoCode.xcdatamodel */,
			);
			currentVersion = E46EB5591C854C7000E9C41B /* WomenWhoCode.xcdatamodel */;
			path = WomenWhoCode.xcdatamodeld;
			sourceTree = "<group>";
			versionGroupType = wrapper.xcdatamodel;
		};
/* End XCVersionGroup section */
	};
	rootObject = E46EB5461C854C7000E9C41B /* Project object */;
}
